
Microsoft Visual Studio Solution File, Format Version 12.00
# Visual Studio Version 17
VisualStudioVersion = 17.5.002.0
MinimumVisualStudioVersion = 10.0.40219.1
Project("{9A19103F-16F7-4668-BE54-9A1E7A4F7556}") = "ApiProducto", "ApiProducto.csproj", "{DD611B33-F3EE-4ED1-BB6C-289F3C1EEF56}"
EndProject
Global
	GlobalSection(SolutionConfigurationPlatforms) = preSolution
		Debug|Any CPU = Debug|Any CPU
		Release|Any CPU = Release|Any CPU
	EndGlobalSection
	GlobalSection(ProjectConfigurationPlatforms) = postSolution
		{DD611B33-F3EE-4ED1-BB6C-289F3C1EEF56}.Debug|Any CPU.ActiveCfg = Debug|Any CPU
		{DD611B33-F3EE-4ED1-BB6C-289F3C1EEF56}.Debug|Any CPU.Build.0 = Debug|Any CPU
		{DD611B33-F3EE-4ED1-BB6C-289F3C1EEF56}.Release|Any CPU.ActiveCfg = Release|Any CPU
		{DD611B33-F3EE-4ED1-BB6C-289F3C1EEF56}.Release|Any CPU.Build.0 = Release|Any CPU
	EndGlobalSection
	GlobalSection(SolutionProperties) = preSolution
		HideSolutionNode = FALSE
	EndGlobalSection
	GlobalSection(ExtensibilityGlobals) = postSolution
		SolutionGuid = {353ADA19-EA5A-4645-A5BF-0AE0DEB4ABBE}
	EndGlobalSection
EndGlobal
